
Microsoft Visual Studio Solution File, Format Version 12.00
# Visual Studio Version 17
VisualStudioVersion = 17.6.33829.357
MinimumVisualStudioVersion = 10.0.40219.1
Project("{FAE04EC0-301F-11D3-BF4B-00C04F79EFBC}") = "PokemonReviewApp", "PokemonReviewApp\PokemonReviewApp.csproj", "{C3F13D84-834D-455E-BD5D-0BD88BB7778D}"
EndProject
Global
	GlobalSection(SolutionConfigurationPlatforms) = preSolution
		Debug|Any CPU = Debug|Any CPU
		Release|Any CPU = Release|Any CPU
	EndGlobalSection
	GlobalSection(ProjectConfigurationPlatforms) = postSolution
		{C3F13D84-834D-455E-BD5D-0BD88BB7778D}.Debug|Any CPU.ActiveCfg = Debug|Any CPU
		{C3F13D84-834D-455E-BD5D-0BD88BB7778D}.Debug|Any CPU.Build.0 = Debug|Any CPU
		{C3F13D84-834D-455E-BD5D-0BD88BB7778D}.Release|Any CPU.ActiveCfg = Release|Any CPU
		{C3F13D84-834D-455E-BD5D-0BD88BB7778D}.Release|Any CPU.Build.0 = Release|Any CPU
	EndGlobalSection
	GlobalSection(SolutionProperties) = preSolution
		HideSolutionNode = FALSE
	EndGlobalSection
	GlobalSection(ExtensibilityGlobals) = postSolution
		SolutionGuid = {4502728B-583A-47B1-A061-BFA8F2180C7B}
	EndGlobalSection
EndGlobal
